// !$*UTF8*$!
{
	archiveVersion = 1;
	classes = {
	};
	objectVersion = 55;
	objects = {

/* Begin PBXBuildFile section */
		5544CFF0280C3F5300C9620C /* AppDelegate.swift in Sources */ = {isa = PBXBuildFile; fileRef = 5544CFEF280C3F5300C9620C /* AppDelegate.swift */; };
		5544CFF2280C3F5300C9620C /* SceneDelegate.swift in Sources */ = {isa = PBXBuildFile; fileRef = 5544CFF1280C3F5300C9620C /* SceneDelegate.swift */; };
		5544CFF7280C3F5300C9620C /* Main.storyboard in Resources */ = {isa = PBXBuildFile; fileRef = 5544CFF5280C3F5300C9620C /* Main.storyboard */; };
		5544CFF9280C3F5600C9620C /* Assets.xcassets in Resources */ = {isa = PBXBuildFile; fileRef = 5544CFF8280C3F5600C9620C /* Assets.xcassets */; };
		5544CFFC280C3F5600C9620C /* LaunchScreen.storyboard in Resources */ = {isa = PBXBuildFile; fileRef = 5544CFFA280C3F5600C9620C /* LaunchScreen.storyboard */; };
		5544D007280C3F5600C9620C /* MoviesTests.swift in Sources */ = {isa = PBXBuildFile; fileRef = 5544D006280C3F5600C9620C /* MoviesTests.swift */; };
		5544D011280C3F5600C9620C /* MoviesUITests.swift in Sources */ = {isa = PBXBuildFile; fileRef = 5544D010280C3F5600C9620C /* MoviesUITests.swift */; };
		5544D013280C3F5600C9620C /* MoviesUITestsLaunchTests.swift in Sources */ = {isa = PBXBuildFile; fileRef = 5544D012280C3F5600C9620C /* MoviesUITestsLaunchTests.swift */; };
		5544D021280C3FE700C9620C /* CollectionViewController.swift in Sources */ = {isa = PBXBuildFile; fileRef = 5544D020280C3FE700C9620C /* CollectionViewController.swift */; };
		5544D024280C43A900C9620C /* MovieCollectionViewCell.swift in Sources */ = {isa = PBXBuildFile; fileRef = 5544D023280C43A900C9620C /* MovieCollectionViewCell.swift */; };
		5544D027280C460100C9620C /* Data.swift in Sources */ = {isa = PBXBuildFile; fileRef = 5544D026280C460100C9620C /* Data.swift */; };
		6667FF54280D408C002BAEE6 /* HomeViewController.swift in Sources */ = {isa = PBXBuildFile; fileRef = 6667FF53280D408C002BAEE6 /* HomeViewController.swift */; };
		6667FF56280D4161002BAEE6 /* HomeViewModel.swift in Sources */ = {isa = PBXBuildFile; fileRef = 6667FF55280D4161002BAEE6 /* HomeViewModel.swift */; };
		6667FF58280D42DD002BAEE6 /* Constants.swift in Sources */ = {isa = PBXBuildFile; fileRef = 6667FF57280D42DD002BAEE6 /* Constants.swift */; };
/* End PBXBuildFile section */

/* Begin PBXContainerItemProxy section */
		5544D003280C3F5600C9620C /* PBXContainerItemProxy */ = {
			isa = PBXContainerItemProxy;
			containerPortal = 5544CFE4280C3F5300C9620C /* Project object */;
			proxyType = 1;
			remoteGlobalIDString = 5544CFEB280C3F5300C9620C;
			remoteInfo = Movies;
		};
		5544D00D280C3F5600C9620C /* PBXContainerItemProxy */ = {
			isa = PBXContainerItemProxy;
			containerPortal = 5544CFE4280C3F5300C9620C /* Project object */;
			proxyType = 1;
			remoteGlobalIDString = 5544CFEB280C3F5300C9620C;
			remoteInfo = Movies;
		};
/* End PBXContainerItemProxy section */

/* Begin PBXFileReference section */
		5544CFEC280C3F5300C9620C /* Movies.app */ = {isa = PBXFileReference; explicitFileType = wrapper.application; includeInIndex = 0; path = Movies.app; sourceTree = BUILT_PRODUCTS_DIR; };
		5544CFEF280C3F5300C9620C /* AppDelegate.swift */ = {isa = PBXFileReference; lastKnownFileType = sourcecode.swift; path = AppDelegate.swift; sourceTree = "<group>"; };
		5544CFF1280C3F5300C9620C /* SceneDelegate.swift */ = {isa = PBXFileReference; lastKnownFileType = sourcecode.swift; path = SceneDelegate.swift; sourceTree = "<group>"; };
		5544CFF6280C3F5300C9620C /* Base */ = {isa = PBXFileReference; lastKnownFileType = file.storyboard; name = Base; path = Base.lproj/Main.storyboard; sourceTree = "<group>"; };
		5544CFF8280C3F5600C9620C /* Assets.xcassets */ = {isa = PBXFileReference; lastKnownFileType = folder.assetcatalog; path = Assets.xcassets; sourceTree = "<group>"; };
		5544CFFB280C3F5600C9620C /* Base */ = {isa = PBXFileReference; lastKnownFileType = file.storyboard; name = Base; path = Base.lproj/LaunchScreen.storyboard; sourceTree = "<group>"; };
		5544CFFD280C3F5600C9620C /* Info.plist */ = {isa = PBXFileReference; lastKnownFileType = text.plist.xml; path = Info.plist; sourceTree = "<group>"; };
		5544D002280C3F5600C9620C /* MoviesTests.xctest */ = {isa = PBXFileReference; explicitFileType = wrapper.cfbundle; includeInIndex = 0; path = MoviesTests.xctest; sourceTree = BUILT_PRODUCTS_DIR; };
		5544D006280C3F5600C9620C /* MoviesTests.swift */ = {isa = PBXFileReference; lastKnownFileType = sourcecode.swift; path = MoviesTests.swift; sourceTree = "<group>"; };
		5544D00C280C3F5600C9620C /* MoviesUITests.xctest */ = {isa = PBXFileReference; explicitFileType = wrapper.cfbundle; includeInIndex = 0; path = MoviesUITests.xctest; sourceTree = BUILT_PRODUCTS_DIR; };
		5544D010280C3F5600C9620C /* MoviesUITests.swift */ = {isa = PBXFileReference; lastKnownFileType = sourcecode.swift; path = MoviesUITests.swift; sourceTree = "<group>"; };
		5544D012280C3F5600C9620C /* MoviesUITestsLaunchTests.swift */ = {isa = PBXFileReference; lastKnownFileType = sourcecode.swift; path = MoviesUITestsLaunchTests.swift; sourceTree = "<group>"; };
		5544D020280C3FE700C9620C /* CollectionViewController.swift */ = {isa = PBXFileReference; lastKnownFileType = sourcecode.swift; path = CollectionViewController.swift; sourceTree = "<group>"; };
		5544D023280C43A900C9620C /* MovieCollectionViewCell.swift */ = {isa = PBXFileReference; lastKnownFileType = sourcecode.swift; path = MovieCollectionViewCell.swift; sourceTree = "<group>"; };
		5544D026280C460100C9620C /* Data.swift */ = {isa = PBXFileReference; lastKnownFileType = sourcecode.swift; path = Data.swift; sourceTree = "<group>"; };
		6667FF53280D408C002BAEE6 /* HomeViewController.swift */ = {isa = PBXFileReference; lastKnownFileType = sourcecode.swift; path = HomeViewController.swift; sourceTree = "<group>"; };
		6667FF55280D4161002BAEE6 /* HomeViewModel.swift */ = {isa = PBXFileReference; lastKnownFileType = sourcecode.swift; path = HomeViewModel.swift; sourceTree = "<group>"; };
		6667FF57280D42DD002BAEE6 /* Constants.swift */ = {isa = PBXFileReference; lastKnownFileType = sourcecode.swift; path = Constants.swift; sourceTree = "<group>"; };
/* End PBXFileReference section */

/* Begin PBXFrameworksBuildPhase section */
		5544CFE9280C3F5300C9620C /* Frameworks */ = {
			isa = PBXFrameworksBuildPhase;
			buildActionMask = 2147483647;
			files = (
			);
			runOnlyForDeploymentPostprocessing = 0;
		};
		5544CFFF280C3F5600C9620C /* Frameworks */ = {
			isa = PBXFrameworksBuildPhase;
			buildActionMask = 2147483647;
			files = (
			);
			runOnlyForDeploymentPostprocessing = 0;
		};
		5544D009280C3F5600C9620C /* Frameworks */ = {
			isa = PBXFrameworksBuildPhase;
			buildActionMask = 2147483647;
			files = (
			);
			runOnlyForDeploymentPostprocessing = 0;
		};
/* End PBXFrameworksBuildPhase section */

/* Begin PBXGroup section */
		5544CFE3280C3F5300C9620C = {
			isa = PBXGroup;
			children = (
				5544CFEE280C3F5300C9620C /* Movies */,
				5544D005280C3F5600C9620C /* MoviesTests */,
				5544D00F280C3F5600C9620C /* MoviesUITests */,
				5544CFED280C3F5300C9620C /* Products */,
			);
			sourceTree = "<group>";
		};
		5544CFED280C3F5300C9620C /* Products */ = {
			isa = PBXGroup;
			children = (
				5544CFEC280C3F5300C9620C /* Movies.app */,
				5544D002280C3F5600C9620C /* MoviesTests.xctest */,
				5544D00C280C3F5600C9620C /* MoviesUITests.xctest */,
			);
			name = Products;
			sourceTree = "<group>";
		};
		5544CFEE280C3F5300C9620C /* Movies */ = {
			isa = PBXGroup;
			children = (
				5544D025280C45F500C9620C /* Model */,
				6667FF51280D3F4D002BAEE6 /* View */,
				6667FF50280D3F3C002BAEE6 /* ViewModel */,
				6667FF52280D3F81002BAEE6 /* Resaurces */,
				5544CFFD280C3F5600C9620C /* Info.plist */,
			);
			path = Movies;
			sourceTree = "<group>";
		};
		5544D005280C3F5600C9620C /* MoviesTests */ = {
			isa = PBXGroup;
			children = (
				5544D006280C3F5600C9620C /* MoviesTests.swift */,
			);
			path = MoviesTests;
			sourceTree = "<group>";
		};
		5544D00F280C3F5600C9620C /* MoviesUITests */ = {
			isa = PBXGroup;
			children = (
				5544D010280C3F5600C9620C /* MoviesUITests.swift */,
				5544D012280C3F5600C9620C /* MoviesUITestsLaunchTests.swift */,
			);
			path = MoviesUITests;
			sourceTree = "<group>";
		};
		5544D01F280C3FCF00C9620C /* Controllers */ = {
			isa = PBXGroup;
			children = (
				6667FF53280D408C002BAEE6 /* HomeViewController.swift */,
				5544D020280C3FE700C9620C /* CollectionViewController.swift */,
			);
			path = Controllers;
			sourceTree = "<group>";
		};
		5544D022280C439000C9620C /* Views */ = {
			isa = PBXGroup;
			children = (
				5544D023280C43A900C9620C /* MovieCollectionViewCell.swift */,
			);
			path = Views;
			sourceTree = "<group>";
		};
		5544D025280C45F500C9620C /* Model */ = {
			isa = PBXGroup;
			children = (
				5544D026280C460100C9620C /* Data.swift */,
			);
			path = Model;
			sourceTree = "<group>";
		};
		6667FF50280D3F3C002BAEE6 /* ViewModel */ = {
			isa = PBXGroup;
			children = (
				6667FF55280D4161002BAEE6 /* HomeViewModel.swift */,
			);
			path = ViewModel;
			sourceTree = "<group>";
		};
		6667FF51280D3F4D002BAEE6 /* View */ = {
			isa = PBXGroup;
			children = (
				5544D022280C439000C9620C /* Views */,
				5544D01F280C3FCF00C9620C /* Controllers */,
			);
			path = View;
			sourceTree = "<group>";
		};
		6667FF52280D3F81002BAEE6 /* Resaurces */ = {
			isa = PBXGroup;
			children = (
				5544CFEF280C3F5300C9620C /* AppDelegate.swift */,
				5544CFF1280C3F5300C9620C /* SceneDelegate.swift */,
				5544CFF5280C3F5300C9620C /* Main.storyboard */,
				5544CFF8280C3F5600C9620C /* Assets.xcassets */,
				5544CFFA280C3F5600C9620C /* LaunchScreen.storyboard */,
				6667FF57280D42DD002BAEE6 /* Constants.swift */,
			);
			path = Resaurces;
			sourceTree = "<group>";
		};
/* End PBXGroup section */

/* Begin PBXNativeTarget section */
		5544CFEB280C3F5300C9620C /* Movies */ = {
			isa = PBXNativeTarget;
			buildConfigurationList = 5544D016280C3F5600C9620C /* Build configuration list for PBXNativeTarget "Movies" */;
			buildPhases = (
				5544CFE8280C3F5300C9620C /* Sources */,
				5544CFE9280C3F5300C9620C /* Frameworks */,
				5544CFEA280C3F5300C9620C /* Resources */,
			);
			buildRules = (
			);
			dependencies = (
			);
			name = Movies;
			productName = Movies;
			productReference = 5544CFEC280C3F5300C9620C /* Movies.app */;
			productType = "com.apple.product-type.application";
		};
		5544D001280C3F5600C9620C /* MoviesTests */ = {
			isa = PBXNativeTarget;
			buildConfigurationList = 5544D019280C3F5600C9620C /* Build configuration list for PBXNativeTarget "MoviesTests" */;
			buildPhases = (
				5544CFFE280C3F5600C9620C /* Sources */,
				5544CFFF280C3F5600C9620C /* Frameworks */,
				5544D000280C3F5600C9620C /* Resources */,
			);
			buildRules = (
			);
			dependencies = (
				5544D004280C3F5600C9620C /* PBXTargetDependency */,
			);
			name = MoviesTests;
			productName = MoviesTests;
			productReference = 5544D002280C3F5600C9620C /* MoviesTests.xctest */;
			productType = "com.apple.product-type.bundle.unit-test";
		};
		5544D00B280C3F5600C9620C /* MoviesUITests */ = {
			isa = PBXNativeTarget;
			buildConfigurationList = 5544D01C280C3F5600C9620C /* Build configuration list for PBXNativeTarget "MoviesUITests" */;
			buildPhases = (
				5544D008280C3F5600C9620C /* Sources */,
				5544D009280C3F5600C9620C /* Frameworks */,
				5544D00A280C3F5600C9620C /* Resources */,
			);
			buildRules = (
			);
			dependencies = (
				5544D00E280C3F5600C9620C /* PBXTargetDependency */,
			);
			name = MoviesUITests;
			productName = MoviesUITests;
			productReference = 5544D00C280C3F5600C9620C /* MoviesUITests.xctest */;
			productType = "com.apple.product-type.bundle.ui-testing";
		};
/* End PBXNativeTarget section */

/* Begin PBXProject section */
		5544CFE4280C3F5300C9620C /* Project object */ = {
			isa = PBXProject;
			attributes = {
				BuildIndependentTargetsInParallel = 1;
				LastSwiftUpdateCheck = 1320;
				LastUpgradeCheck = 1320;
				TargetAttributes = {
					5544CFEB280C3F5300C9620C = {
						CreatedOnToolsVersion = 13.2.1;
					};
					5544D001280C3F5600C9620C = {
						CreatedOnToolsVersion = 13.2.1;
						TestTargetID = 5544CFEB280C3F5300C9620C;
					};
					5544D00B280C3F5600C9620C = {
						CreatedOnToolsVersion = 13.2.1;
						TestTargetID = 5544CFEB280C3F5300C9620C;
					};
				};
			};
			buildConfigurationList = 5544CFE7280C3F5300C9620C /* Build configuration list for PBXProject "Movies" */;
			compatibilityVersion = "Xcode 13.0";
			developmentRegion = en;
			hasScannedForEncodings = 0;
			knownRegions = (
				en,
				Base,
			);
			mainGroup = 5544CFE3280C3F5300C9620C;
			productRefGroup = 5544CFED280C3F5300C9620C /* Products */;
			projectDirPath = "";
			projectRoot = "";
			targets = (
				5544CFEB280C3F5300C9620C /* Movies */,
				5544D001280C3F5600C9620C /* MoviesTests */,
				5544D00B280C3F5600C9620C /* MoviesUITests */,
			);
		};
/* End PBXProject section */

/* Begin PBXResourcesBuildPhase section */
		5544CFEA280C3F5300C9620C /* Resources */ = {
			isa = PBXResourcesBuildPhase;
			buildActionMask = 2147483647;
			files = (
				5544CFFC280C3F5600C9620C /* LaunchScreen.storyboard in Resources */,
				5544CFF9280C3F5600C9620C /* Assets.xcassets in Resources */,
				5544CFF7280C3F5300C9620C /* Main.storyboard in Resources */,
			);
			runOnlyForDeploymentPostprocessing = 0;
		};
		5544D000280C3F5600C9620C /* Resources */ = {
			isa = PBXResourcesBuildPhase;
			buildActionMask = 2147483647;
			files = (
			);
			runOnlyForDeploymentPostprocessing = 0;
		};
		5544D00A280C3F5600C9620C /* Resources */ = {
			isa = PBXResourcesBuildPhase;
			buildActionMask = 2147483647;
			files = (
			);
			runOnlyForDeploymentPostprocessing = 0;
		};
/* End PBXResourcesBuildPhase section */

/* Begin PBXSourcesBuildPhase section */
		5544CFE8280C3F5300C9620C /* Sources */ = {
			isa = PBXSourcesBuildPhase;
			buildActionMask = 2147483647;
			files = (
				5544D021280C3FE700C9620C /* CollectionViewController.swift in Sources */,
				5544D027280C460100C9620C /* Data.swift in Sources */,
				6667FF56280D4161002BAEE6 /* HomeViewModel.swift in Sources */,
				5544D024280C43A900C9620C /* MovieCollectionViewCell.swift in Sources */,
				5544CFF0280C3F5300C9620C /* AppDelegate.swift in Sources */,
				6667FF54280D408C002BAEE6 /* HomeViewController.swift in Sources */,
				5544CFF2280C3F5300C9620C /* SceneDelegate.swift in Sources */,
				6667FF58280D42DD002BAEE6 /* Constants.swift in Sources */,
			);
			runOnlyForDeploymentPostprocessing = 0;
		};
		5544CFFE280C3F5600C9620C /* Sources */ = {
			isa = PBXSourcesBuildPhase;
			buildActionMask = 2147483647;
			files = (
				5544D007280C3F5600C9620C /* MoviesTests.swift in Sources */,
			);
			runOnlyForDeploymentPostprocessing = 0;
		};
		5544D008280C3F5600C9620C /* Sources */ = {
			isa = PBXSourcesBuildPhase;
			buildActionMask = 2147483647;
			files = (
				5544D011280C3F5600C9620C /* MoviesUITests.swift in Sources */,
				5544D013280C3F5600C9620C /* MoviesUITestsLaunchTests.swift in Sources */,
			);
			runOnlyForDeploymentPostprocessing = 0;
		};
/* End PBXSourcesBuildPhase section */

/* Begin PBXTargetDependency section */
		5544D004280C3F5600C9620C /* PBXTargetDependency */ = {
			isa = PBXTargetDependency;
			target = 5544CFEB280C3F5300C9620C /* Movies */;
			targetProxy = 5544D003280C3F5600C9620C /* PBXContainerItemProxy */;
		};
		5544D00E280C3F5600C9620C /* PBXTargetDependency */ = {
			isa = PBXTargetDependency;
			target = 5544CFEB280C3F5300C9620C /* Movies */;
			targetProxy = 5544D00D280C3F5600C9620C /* PBXContainerItemProxy */;
		};
/* End PBXTargetDependency section */

/* Begin PBXVariantGroup section */
		5544CFF5280C3F5300C9620C /* Main.storyboard */ = {
			isa = PBXVariantGroup;
			children = (
				5544CFF6280C3F5300C9620C /* Base */,
			);
			name = Main.storyboard;
			sourceTree = "<group>";
		};
		5544CFFA280C3F5600C9620C /* LaunchScreen.storyboard */ = {
			isa = PBXVariantGroup;
			children = (
				5544CFFB280C3F5600C9620C /* Base */,
			);
			name = LaunchScreen.storyboard;
			sourceTree = "<group>";
		};
/* End PBXVariantGroup section */

/* Begin XCBuildConfiguration section */
		5544D014280C3F5600C9620C /* Debug */ = {
			isa = XCBuildConfiguration;
			buildSettings = {
				ALWAYS_SEARCH_USER_PATHS = NO;
				CLANG_ANALYZER_NONNULL = YES;
				CLANG_ANALYZER_NUMBER_OBJECT_CONVERSION = YES_AGGRESSIVE;
				CLANG_CXX_LANGUAGE_STANDARD = "gnu++17";
				CLANG_CXX_LIBRARY = "libc++";
				CLANG_ENABLE_MODULES = YES;
				CLANG_ENABLE_OBJC_ARC = YES;
				CLANG_ENABLE_OBJC_WEAK = YES;
				CLANG_WARN_BLOCK_CAPTURE_AUTORELEASING = YES;
				CLANG_WARN_BOOL_CONVERSION = YES;
				CLANG_WARN_COMMA = YES;
				CLANG_WARN_CONSTANT_CONVERSION = YES;
				CLANG_WARN_DEPRECATED_OBJC_IMPLEMENTATIONS = YES;
				CLANG_WARN_DIRECT_OBJC_ISA_USAGE = YES_ERROR;
				CLANG_WARN_DOCUMENTATION_COMMENTS = YES;
				CLANG_WARN_EMPTY_BODY = YES;
				CLANG_WARN_ENUM_CONVERSION = YES;
				CLANG_WARN_INFINITE_RECURSION = YES;
				CLANG_WARN_INT_CONVERSION = YES;
				CLANG_WARN_NON_LITERAL_NULL_CONVERSION = YES;
				CLANG_WARN_OBJC_IMPLICIT_RETAIN_SELF = YES;
				CLANG_WARN_OBJC_LITERAL_CONVERSION = YES;
				CLANG_WARN_OBJC_ROOT_CLASS = YES_ERROR;
				CLANG_WARN_QUOTED_INCLUDE_IN_FRAMEWORK_HEADER = YES;
				CLANG_WARN_RANGE_LOOP_ANALYSIS = YES;
				CLANG_WARN_STRICT_PROTOTYPES = YES;
				CLANG_WARN_SUSPICIOUS_MOVE = YES;
				CLANG_WARN_UNGUARDED_AVAILABILITY = YES_AGGRESSIVE;
				CLANG_WARN_UNREACHABLE_CODE = YES;
				CLANG_WARN__DUPLICATE_METHOD_MATCH = YES;
				COPY_PHASE_STRIP = NO;
				DEBUG_INFORMATION_FORMAT = dwarf;
				ENABLE_STRICT_OBJC_MSGSEND = YES;
				ENABLE_TESTABILITY = YES;
				GCC_C_LANGUAGE_STANDARD = gnu11;
				GCC_DYNAMIC_NO_PIC = NO;
				GCC_NO_COMMON_BLOCKS = YES;
				GCC_OPTIMIZATION_LEVEL = 0;
				GCC_PREPROCESSOR_DEFINITIONS = (
					"DEBUG=1",
					"$(inherited)",
				);
				GCC_WARN_64_TO_32_BIT_CONVERSION = YES;
				GCC_WARN_ABOUT_RETURN_TYPE = YES_ERROR;
				GCC_WARN_UNDECLARED_SELECTOR = YES;
				GCC_WARN_UNINITIALIZED_AUTOS = YES_AGGRESSIVE;
				GCC_WARN_UNUSED_FUNCTION = YES;
				GCC_WARN_UNUSED_VARIABLE = YES;
				IPHONEOS_DEPLOYMENT_TARGET = 15.2;
				MTL_ENABLE_DEBUG_INFO = INCLUDE_SOURCE;
				MTL_FAST_MATH = YES;
				ONLY_ACTIVE_ARCH = YES;
				SDKROOT = iphoneos;
				SWIFT_ACTIVE_COMPILATION_CONDITIONS = DEBUG;
				SWIFT_OPTIMIZATION_LEVEL = "-Onone";
			};
			name = Debug;
		};
		5544D015280C3F5600C9620C /* Release */ = {
			isa = XCBuildConfiguration;
			buildSettings = {
				ALWAYS_SEARCH_USER_PATHS = NO;
				CLANG_ANALYZER_NONNULL = YES;
				CLANG_ANALYZER_NUMBER_OBJECT_CONVERSION = YES_AGGRESSIVE;
				CLANG_CXX_LANGUAGE_STANDARD = "gnu++17";
				CLANG_CXX_LIBRARY = "libc++";
				CLANG_ENABLE_MODULES = YES;
				CLANG_ENABLE_OBJC_ARC = YES;
				CLANG_ENABLE_OBJC_WEAK = YES;
				CLANG_WARN_BLOCK_CAPTURE_AUTORELEASING = YES;
				CLANG_WARN_BOOL_CONVERSION = YES;
				CLANG_WARN_COMMA = YES;
				CLANG_WARN_CONSTANT_CONVERSION = YES;
				CLANG_WARN_DEPRECATED_OBJC_IMPLEMENTATIONS = YES;
				CLANG_WARN_DIRECT_OBJC_ISA_USAGE = YES_ERROR;
				CLANG_WARN_DOCUMENTATION_COMMENTS = YES;
				CLANG_WARN_EMPTY_BODY = YES;
				CLANG_WARN_ENUM_CONVERSION = YES;
				CLANG_WARN_INFINITE_RECURSION = YES;
				CLANG_WARN_INT_CONVERSION = YES;
				CLANG_WARN_NON_LITERAL_NULL_CONVERSION = YES;
				CLANG_WARN_OBJC_IMPLICIT_RETAIN_SELF = YES;
				CLANG_WARN_OBJC_LITERAL_CONVERSION = YES;
				CLANG_WARN_OBJC_ROOT_CLASS = YES_ERROR;
				CLANG_WARN_QUOTED_INCLUDE_IN_FRAMEWORK_HEADER = YES;
				CLANG_WARN_RANGE_LOOP_ANALYSIS = YES;
				CLANG_WARN_STRICT_PROTOTYPES = YES;
				CLANG_WARN_SUSPICIOUS_MOVE = YES;
				CLANG_WARN_UNGUARDED_AVAILABILITY = YES_AGGRESSIVE;
				CLANG_WARN_UNREACHABLE_CODE = YES;
				CLANG_WARN__DUPLICATE_METHOD_MATCH = YES;
				COPY_PHASE_STRIP = NO;
				DEBUG_INFORMATION_FORMAT = "dwarf-with-dsym";
				ENABLE_NS_ASSERTIONS = NO;
				ENABLE_STRICT_OBJC_MSGSEND = YES;
				GCC_C_LANGUAGE_STANDARD = gnu11;
				GCC_NO_COMMON_BLOCKS = YES;
				GCC_WARN_64_TO_32_BIT_CONVERSION = YES;
				GCC_WARN_ABOUT_RETURN_TYPE = YES_ERROR;
				GCC_WARN_UNDECLARED_SELECTOR = YES;
				GCC_WARN_UNINITIALIZED_AUTOS = YES_AGGRESSIVE;
				GCC_WARN_UNUSED_FUNCTION = YES;
				GCC_WARN_UNUSED_VARIABLE = YES;
				IPHONEOS_DEPLOYMENT_TARGET = 15.2;
				MTL_ENABLE_DEBUG_INFO = NO;
				MTL_FAST_MATH = YES;
				SDKROOT = iphoneos;
				SWIFT_COMPILATION_MODE = wholemodule;
				SWIFT_OPTIMIZATION_LEVEL = "-O";
				VALIDATE_PRODUCT = YES;
			};
			name = Release;
		};
		5544D017280C3F5600C9620C /* Debug */ = {
			isa = XCBuildConfiguration;
			buildSettings = {
				ASSETCATALOG_COMPILER_APPICON_NAME = AppIcon;
				ASSETCATALOG_COMPILER_GLOBAL_ACCENT_COLOR_NAME = AccentColor;
				CODE_SIGN_STYLE = Automatic;
				CURRENT_PROJECT_VERSION = 1;
				GENERATE_INFOPLIST_FILE = YES;
				INFOPLIST_FILE = Movies/Info.plist;
				INFOPLIST_KEY_UIApplicationSupportsIndirectInputEvents = YES;
				INFOPLIST_KEY_UILaunchStoryboardName = LaunchScreen;
				INFOPLIST_KEY_UIMainStoryboardFile = Main;
				INFOPLIST_KEY_UISupportedInterfaceOrientations_iPad = "UIInterfaceOrientationPortrait UIInterfaceOrientationPortraitUpsideDown UIInterfaceOrientationLandscapeLeft UIInterfaceOrientationLandscapeRight";
				INFOPLIST_KEY_UISupportedInterfaceOrientations_iPhone = "UIInterfaceOrientationPortrait UIInterfaceOrientationLandscapeLeft UIInterfaceOrientationLandscapeRight";
				LD_RUNPATH_SEARCH_PATHS = (
					"$(inherited)",
					"@executable_path/Frameworks",
				);
				MARKETING_VERSION = 1.0;
				PRODUCT_BUNDLE_IDENTIFIER = com.swiftui.Movies;
				PRODUCT_NAME = "$(TARGET_NAME)";
				SWIFT_EMIT_LOC_STRINGS = YES;
				SWIFT_VERSION = 5.0;
				TARGETED_DEVICE_FAMILY = "1,2";
			};
			name = Debug;
		};
		5544D018280C3F5600C9620C /* Release */ = {
			isa = XCBuildConfiguration;
			buildSettings = {
				ASSETCATALOG_COMPILER_APPICON_NAME = AppIcon;
				ASSETCATALOG_COMPILER_GLOBAL_ACCENT_COLOR_NAME = AccentColor;
				CODE_SIGN_STYLE = Automatic;
				CURRENT_PROJECT_VERSION = 1;
				GENERATE_INFOPLIST_FILE = YES;
				INFOPLIST_FILE = Movies/Info.plist;
				INFOPLIST_KEY_UIApplicationSupportsIndirectInputEvents = YES;
				INFOPLIST_KEY_UILaunchStoryboardName = LaunchScreen;
				INFOPLIST_KEY_UIMainStoryboardFile = Main;
				INFOPLIST_KEY_UISupportedInterfaceOrientations_iPad = "UIInterfaceOrientationPortrait UIInterfaceOrientationPortraitUpsideDown UIInterfaceOrientationLandscapeLeft UIInterfaceOrientationLandscapeRight";
				INFOPLIST_KEY_UISupportedInterfaceOrientations_iPhone = "UIInterfaceOrientationPortrait UIInterfaceOrientationLandscapeLeft UIInterfaceOrientationLandscapeRight";
				LD_RUNPATH_SEARCH_PATHS = (
					"$(inherited)",
					"@executable_path/Frameworks",
				);
				MARKETING_VERSION = 1.0;
				PRODUCT_BUNDLE_IDENTIFIER = com.swiftui.Movies;
				PRODUCT_NAME = "$(TARGET_NAME)";
				SWIFT_EMIT_LOC_STRINGS = YES;
				SWIFT_VERSION = 5.0;
				TARGETED_DEVICE_FAMILY = "1,2";
			};
			name = Release;
		};
		5544D01A280C3F5600C9620C /* Debug */ = {
			isa = XCBuildConfiguration;
			buildSettings = {
				ALWAYS_EMBED_SWIFT_STANDARD_LIBRARIES = YES;
				BUNDLE_LOADER = "$(TEST_HOST)";
				CODE_SIGN_STYLE = Automatic;
				CURRENT_PROJECT_VERSION = 1;
				GENERATE_INFOPLIST_FILE = YES;
				IPHONEOS_DEPLOYMENT_TARGET = 15.2;
				MARKETING_VERSION = 1.0;
				PRODUCT_BUNDLE_IDENTIFIER = com.swiftui.MoviesTests;
				PRODUCT_NAME = "$(TARGET_NAME)";
				SWIFT_EMIT_LOC_STRINGS = NO;
				SWIFT_VERSION = 5.0;
				TARGETED_DEVICE_FAMILY = "1,2";
				TEST_HOST = "$(BUILT_PRODUCTS_DIR)/Movies.app/Movies";
			};
			name = Debug;
		};
		5544D01B280C3F5600C9620C /* Release */ = {
			isa = XCBuildConfiguration;
			buildSettings = {
				ALWAYS_EMBED_SWIFT_STANDARD_LIBRARIES = YES;
				BUNDLE_LOADER = "$(TEST_HOST)";
				CODE_SIGN_STYLE = Automatic;
				CURRENT_PROJECT_VERSION = 1;
				GENERATE_INFOPLIST_FILE = YES;
				IPHONEOS_DEPLOYMENT_TARGET = 15.2;
				MARKETING_VERSION = 1.0;
				PRODUCT_BUNDLE_IDENTIFIER = com.swiftui.MoviesTests;
				PRODUCT_NAME = "$(TARGET_NAME)";
				SWIFT_EMIT_LOC_STRINGS = NO;
				SWIFT_VERSION = 5.0;
				TARGETED_DEVICE_FAMILY = "1,2";
				TEST_HOST = "$(BUILT_PRODUCTS_DIR)/Movies.app/Movies";
			};
			name = Release;
		};
		5544D01D280C3F5600C9620C /* Debug */ = {
			isa = XCBuildConfiguration;
			buildSettings = {
				ALWAYS_EMBED_SWIFT_STANDARD_LIBRARIES = YES;
				CODE_SIGN_STYLE = Automatic;
				CURRENT_PROJECT_VERSION = 1;
				GENERATE_INFOPLIST_FILE = YES;
				MARKETING_VERSION = 1.0;
				PRODUCT_BUNDLE_IDENTIFIER = com.swiftui.MoviesUITests;
				PRODUCT_NAME = "$(TARGET_NAME)";
				SWIFT_EMIT_LOC_STRINGS = NO;
				SWIFT_VERSION = 5.0;
				TARGETED_DEVICE_FAMILY = "1,2";
				TEST_TARGET_NAME = Movies;
			};
			name = Debug;
		};
		5544D01E280C3F5600C9620C /* Release */ = {
			isa = XCBuildConfiguration;
			buildSettings = {
				ALWAYS_EMBED_SWIFT_STANDARD_LIBRARIES = YES;
				CODE_SIGN_STYLE = Automatic;
				CURRENT_PROJECT_VERSION = 1;
				GENERATE_INFOPLIST_FILE = YES;
				MARKETING_VERSION = 1.0;
				PRODUCT_BUNDLE_IDENTIFIER = com.swiftui.MoviesUITests;
				PRODUCT_NAME = "$(TARGET_NAME)";
				SWIFT_EMIT_LOC_STRINGS = NO;
				SWIFT_VERSION = 5.0;
				TARGETED_DEVICE_FAMILY = "1,2";
				TEST_TARGET_NAME = Movies;
			};
			name = Release;
		};
/* End XCBuildConfiguration section */

/* Begin XCConfigurationList section */
		5544CFE7280C3F5300C9620C /* Build configuration list for PBXProject "Movies" */ = {
			isa = XCConfigurationList;
			buildConfigurations = (
				5544D014280C3F5600C9620C /* Debug */,
				5544D015280C3F5600C9620C /* Release */,
			);
			defaultConfigurationIsVisible = 0;
			defaultConfigurationName = Release;
		};
		5544D016280C3F5600C9620C /* Build configuration list for PBXNativeTarget "Movies" */ = {
			isa = XCConfigurationList;
			buildConfigurations = (
				5544D017280C3F5600C9620C /* Debug */,
				5544D018280C3F5600C9620C /* Release */,
			);
			defaultConfigurationIsVisible = 0;
			defaultConfigurationName = Release;
		};
		5544D019280C3F5600C9620C /* Build configuration list for PBXNativeTarget "MoviesTests" */ = {
			isa = XCConfigurationList;
			buildConfigurations = (
				5544D01A280C3F5600C9620C /* Debug */,
				5544D01B280C3F5600C9620C /* Release */,
			);
			defaultConfigurationIsVisible = 0;
			defaultConfigurationName = Release;
		};
		5544D01C280C3F5600C9620C /* Build configuration list for PBXNativeTarget "MoviesUITests" */ = {
			isa = XCConfigurationList;
			buildConfigurations = (
				5544D01D280C3F5600C9620C /* Debug */,
				5544D01E280C3F5600C9620C /* Release */,
			);
			defaultConfigurationIsVisible = 0;
			defaultConfigurationName = Release;
		};
/* End XCConfigurationList section */
	};
	rootObject = 5544CFE4280C3F5300C9620C /* Project object */;
}
